
Microsoft Visual Studio Solution File, Format Version 12.00
# Visual Studio Version 17
VisualStudioVersion = 17.0.31903.59
MinimumVisualStudioVersion = 10.0.40219.1
Project("{2150E333-8FDC-42A3-9474-1A3956D46DE8}") = "src", "src", "{827E0CD3-B72D-47B6-A68D-7590B98EB39B}"
EndProject
Project("{FAE04EC0-301F-11D3-BF4B-00C04F79EFBC}") = "OrkinosaiCMS.Web", "src\OrkinosaiCMS.Web\OrkinosaiCMS.Web.csproj", "{ED567EF0-F6F1-4F0E-9625-1314FEA746A7}"
EndProject
Project("{FAE04EC0-301F-11D3-BF4B-00C04F79EFBC}") = "OrkinosaiCMS.Core", "src\OrkinosaiCMS.Core\OrkinosaiCMS.Core.csproj", "{B47C461B-BBEF-47E9-BA48-349AF5CAB277}"
EndProject
Project("{FAE04EC0-301F-11D3-BF4B-00C04F79EFBC}") = "OrkinosaiCMS.Infrastructure", "src\OrkinosaiCMS.Infrastructure\OrkinosaiCMS.Infrastructure.csproj", "{64904FEB-079D-4E9B-A1BE-0A06257881F9}"
EndProject
Project("{FAE04EC0-301F-11D3-BF4B-00C04F79EFBC}") = "OrkinosaiCMS.Modules.Abstractions", "src\OrkinosaiCMS.Modules.Abstractions\OrkinosaiCMS.Modules.Abstractions.csproj", "{E2B21ABF-ADC8-4904-B4CE-C8D87D84F62F}"
EndProject
Project("{FAE04EC0-301F-11D3-BF4B-00C04F79EFBC}") = "OrkinosaiCMS.Shared", "src\OrkinosaiCMS.Shared\OrkinosaiCMS.Shared.csproj", "{9A2E4985-F110-4C7F-8D3C-DE977530A058}"
EndProject
Project("{2150E333-8FDC-42A3-9474-1A3956D46DE8}") = "Modules", "Modules", "{EC447DCF-ABFA-6E24-52A5-D7FD48A5C558}"
EndProject
Project("{FAE04EC0-301F-11D3-BF4B-00C04F79EFBC}") = "OrkinosaiCMS.Modules.Content", "src\Modules\OrkinosaiCMS.Modules.Content\OrkinosaiCMS.Modules.Content.csproj", "{8829AA6C-EB8A-432B-AD00-6B7BBDE33803}"
EndProject
Project("{FAE04EC0-301F-11D3-BF4B-00C04F79EFBC}") = "OrkinosaiCMS.Modules.Hero", "src\Modules\OrkinosaiCMS.Modules.Hero\OrkinosaiCMS.Modules.Hero.csproj", "{49197DD0-9BF6-4B3E-B579-642AD58DCEAA}"
EndProject
Project("{FAE04EC0-301F-11D3-BF4B-00C04F79EFBC}") = "OrkinosaiCMS.Modules.Features", "src\Modules\OrkinosaiCMS.Modules.Features\OrkinosaiCMS.Modules.Features.csproj", "{932C38A4-4BA1-4B7A-95A8-A74429F5B986}"
EndProject
Project("{FAE04EC0-301F-11D3-BF4B-00C04F79EFBC}") = "OrkinosaiCMS.Modules.ContactForm", "src\Modules\OrkinosaiCMS.Modules.ContactForm\OrkinosaiCMS.Modules.ContactForm.csproj", "{159F8904-A933-43F5-BD14-DC945B05772D}"
EndProject
Global
	GlobalSection(SolutionConfigurationPlatforms) = preSolution
		Debug|Any CPU = Debug|Any CPU
		Debug|x64 = Debug|x64
		Debug|x86 = Debug|x86
		Release|Any CPU = Release|Any CPU
		Release|x64 = Release|x64
		Release|x86 = Release|x86
	EndGlobalSection
	GlobalSection(ProjectConfigurationPlatforms) = postSolution
		{ED567EF0-F6F1-4F0E-9625-1314FEA746A7}.Debug|Any CPU.ActiveCfg = Debug|Any CPU
		{ED567EF0-F6F1-4F0E-9625-1314FEA746A7}.Debug|Any CPU.Build.0 = Debug|Any CPU
		{ED567EF0-F6F1-4F0E-9625-1314FEA746A7}.Debug|x64.ActiveCfg = Debug|Any CPU
		{ED567EF0-F6F1-4F0E-9625-1314FEA746A7}.Debug|x64.Build.0 = Debug|Any CPU
		{ED567EF0-F6F1-4F0E-9625-1314FEA746A7}.Debug|x86.ActiveCfg = Debug|Any CPU
		{ED567EF0-F6F1-4F0E-9625-1314FEA746A7}.Debug|x86.Build.0 = Debug|Any CPU
		{ED567EF0-F6F1-4F0E-9625-1314FEA746A7}.Release|Any CPU.ActiveCfg = Release|Any CPU
		{ED567EF0-F6F1-4F0E-9625-1314FEA746A7}.Release|Any CPU.Build.0 = Release|Any CPU
		{ED567EF0-F6F1-4F0E-9625-1314FEA746A7}.Release|x64.ActiveCfg = Release|Any CPU
		{ED567EF0-F6F1-4F0E-9625-1314FEA746A7}.Release|x64.Build.0 = Release|Any CPU
		{ED567EF0-F6F1-4F0E-9625-1314FEA746A7}.Release|x86.ActiveCfg = Release|Any CPU
		{ED567EF0-F6F1-4F0E-9625-1314FEA746A7}.Release|x86.Build.0 = Release|Any CPU
		{B47C461B-BBEF-47E9-BA48-349AF5CAB277}.Debug|Any CPU.ActiveCfg = Debug|Any CPU
		{B47C461B-BBEF-47E9-BA48-349AF5CAB277}.Debug|Any CPU.Build.0 = Debug|Any CPU
		{B47C461B-BBEF-47E9-BA48-349AF5CAB277}.Debug|x64.ActiveCfg = Debug|Any CPU
		{B47C461B-BBEF-47E9-BA48-349AF5CAB277}.Debug|x64.Build.0 = Debug|Any CPU
		{B47C461B-BBEF-47E9-BA48-349AF5CAB277}.Debug|x86.ActiveCfg = Debug|Any CPU
		{B47C461B-BBEF-47E9-BA48-349AF5CAB277}.Debug|x86.Build.0 = Debug|Any CPU
		{B47C461B-BBEF-47E9-BA48-349AF5CAB277}.Release|Any CPU.ActiveCfg = Release|Any CPU
		{B47C461B-BBEF-47E9-BA48-349AF5CAB277}.Release|Any CPU.Build.0 = Release|Any CPU
		{B47C461B-BBEF-47E9-BA48-349AF5CAB277}.Release|x64.ActiveCfg = Release|Any CPU
		{B47C461B-BBEF-47E9-BA48-349AF5CAB277}.Release|x64.Build.0 = Release|Any CPU
		{B47C461B-BBEF-47E9-BA48-349AF5CAB277}.Release|x86.ActiveCfg = Release|Any CPU
		{B47C461B-BBEF-47E9-BA48-349AF5CAB277}.Release|x86.Build.0 = Release|Any CPU
		{64904FEB-079D-4E9B-A1BE-0A06257881F9}.Debug|Any CPU.ActiveCfg = Debug|Any CPU
		{64904FEB-079D-4E9B-A1BE-0A06257881F9}.Debug|Any CPU.Build.0 = Debug|Any CPU
		{64904FEB-079D-4E9B-A1BE-0A06257881F9}.Debug|x64.ActiveCfg = Debug|Any CPU
		{64904FEB-079D-4E9B-A1BE-0A06257881F9}.Debug|x64.Build.0 = Debug|Any CPU
		{64904FEB-079D-4E9B-A1BE-0A06257881F9}.Debug|x86.ActiveCfg = Debug|Any CPU
		{64904FEB-079D-4E9B-A1BE-0A06257881F9}.Debug|x86.Build.0 = Debug|Any CPU
		{64904FEB-079D-4E9B-A1BE-0A06257881F9}.Release|Any CPU.ActiveCfg = Release|Any CPU
		{64904FEB-079D-4E9B-A1BE-0A06257881F9}.Release|Any CPU.Build.0 = Release|Any CPU
		{64904FEB-079D-4E9B-A1BE-0A06257881F9}.Release|x64.ActiveCfg = Release|Any CPU
		{64904FEB-079D-4E9B-A1BE-0A06257881F9}.Release|x64.Build.0 = Release|Any CPU
		{64904FEB-079D-4E9B-A1BE-0A06257881F9}.Release|x86.ActiveCfg = Release|Any CPU
		{64904FEB-079D-4E9B-A1BE-0A06257881F9}.Release|x86.Build.0 = Release|Any CPU
		{E2B21ABF-ADC8-4904-B4CE-C8D87D84F62F}.Debug|Any CPU.ActiveCfg = Debug|Any CPU
		{E2B21ABF-ADC8-4904-B4CE-C8D87D84F62F}.Debug|Any CPU.Build.0 = Debug|Any CPU
		{E2B21ABF-ADC8-4904-B4CE-C8D87D84F62F}.Debug|x64.ActiveCfg = Debug|Any CPU
		{E2B21ABF-ADC8-4904-B4CE-C8D87D84F62F}.Debug|x64.Build.0 = Debug|Any CPU
		{E2B21ABF-ADC8-4904-B4CE-C8D87D84F62F}.Debug|x86.ActiveCfg = Debug|Any CPU
		{E2B21ABF-ADC8-4904-B4CE-C8D87D84F62F}.Debug|x86.Build.0 = Debug|Any CPU
		{E2B21ABF-ADC8-4904-B4CE-C8D87D84F62F}.Release|Any CPU.ActiveCfg = Release|Any CPU
		{E2B21ABF-ADC8-4904-B4CE-C8D87D84F62F}.Release|Any CPU.Build.0 = Release|Any CPU
		{E2B21ABF-ADC8-4904-B4CE-C8D87D84F62F}.Release|x64.ActiveCfg = Release|Any CPU
		{E2B21ABF-ADC8-4904-B4CE-C8D87D84F62F}.Release|x64.Build.0 = Release|Any CPU
		{E2B21ABF-ADC8-4904-B4CE-C8D87D84F62F}.Release|x86.ActiveCfg = Release|Any CPU
		{E2B21ABF-ADC8-4904-B4CE-C8D87D84F62F}.Release|x86.Build.0 = Release|Any CPU
		{9A2E4985-F110-4C7F-8D3C-DE977530A058}.Debug|Any CPU.ActiveCfg = Debug|Any CPU
		{9A2E4985-F110-4C7F-8D3C-DE977530A058}.Debug|Any CPU.Build.0 = Debug|Any CPU
		{9A2E4985-F110-4C7F-8D3C-DE977530A058}.Debug|x64.ActiveCfg = Debug|Any CPU
		{9A2E4985-F110-4C7F-8D3C-DE977530A058}.Debug|x64.Build.0 = Debug|Any CPU
		{9A2E4985-F110-4C7F-8D3C-DE977530A058}.Debug|x86.ActiveCfg = Debug|Any CPU
		{9A2E4985-F110-4C7F-8D3C-DE977530A058}.Debug|x86.Build.0 = Debug|Any CPU
		{9A2E4985-F110-4C7F-8D3C-DE977530A058}.Release|Any CPU.ActiveCfg = Release|Any CPU
		{9A2E4985-F110-4C7F-8D3C-DE977530A058}.Release|Any CPU.Build.0 = Release|Any CPU
		{9A2E4985-F110-4C7F-8D3C-DE977530A058}.Release|x64.ActiveCfg = Release|Any CPU
		{9A2E4985-F110-4C7F-8D3C-DE977530A058}.Release|x64.Build.0 = Release|Any CPU
		{9A2E4985-F110-4C7F-8D3C-DE977530A058}.Release|x86.ActiveCfg = Release|Any CPU
		{9A2E4985-F110-4C7F-8D3C-DE977530A058}.Release|x86.Build.0 = Release|Any CPU
		{8829AA6C-EB8A-432B-AD00-6B7BBDE33803}.Debug|Any CPU.ActiveCfg = Debug|Any CPU
		{8829AA6C-EB8A-432B-AD00-6B7BBDE33803}.Debug|Any CPU.Build.0 = Debug|Any CPU
		{8829AA6C-EB8A-432B-AD00-6B7BBDE33803}.Debug|x64.ActiveCfg = Debug|Any CPU
		{8829AA6C-EB8A-432B-AD00-6B7BBDE33803}.Debug|x64.Build.0 = Debug|Any CPU
		{8829AA6C-EB8A-432B-AD00-6B7BBDE33803}.Debug|x86.ActiveCfg = Debug|Any CPU
		{8829AA6C-EB8A-432B-AD00-6B7BBDE33803}.Debug|x86.Build.0 = Debug|Any CPU
		{8829AA6C-EB8A-432B-AD00-6B7BBDE33803}.Release|Any CPU.ActiveCfg = Release|Any CPU
		{8829AA6C-EB8A-432B-AD00-6B7BBDE33803}.Release|Any CPU.Build.0 = Release|Any CPU
		{8829AA6C-EB8A-432B-AD00-6B7BBDE33803}.Release|x64.ActiveCfg = Release|Any CPU
		{8829AA6C-EB8A-432B-AD00-6B7BBDE33803}.Release|x64.Build.0 = Release|Any CPU
		{8829AA6C-EB8A-432B-AD00-6B7BBDE33803}.Release|x86.ActiveCfg = Release|Any CPU
		{8829AA6C-EB8A-432B-AD00-6B7BBDE33803}.Release|x86.Build.0 = Release|Any CPU
		{49197DD0-9BF6-4B3E-B579-642AD58DCEAA}.Debug|Any CPU.ActiveCfg = Debug|Any CPU
		{49197DD0-9BF6-4B3E-B579-642AD58DCEAA}.Debug|Any CPU.Build.0 = Debug|Any CPU
		{49197DD0-9BF6-4B3E-B579-642AD58DCEAA}.Debug|x64.ActiveCfg = Debug|Any CPU
		{49197DD0-9BF6-4B3E-B579-642AD58DCEAA}.Debug|x64.Build.0 = Debug|Any CPU
		{49197DD0-9BF6-4B3E-B579-642AD58DCEAA}.Debug|x86.ActiveCfg = Debug|Any CPU
		{49197DD0-9BF6-4B3E-B579-642AD58DCEAA}.Debug|x86.Build.0 = Debug|Any CPU
		{49197DD0-9BF6-4B3E-B579-642AD58DCEAA}.Release|Any CPU.ActiveCfg = Release|Any CPU
		{49197DD0-9BF6-4B3E-B579-642AD58DCEAA}.Release|Any CPU.Build.0 = Release|Any CPU
		{49197DD0-9BF6-4B3E-B579-642AD58DCEAA}.Release|x64.ActiveCfg = Release|Any CPU
		{49197DD0-9BF6-4B3E-B579-642AD58DCEAA}.Release|x64.Build.0 = Release|Any CPU
		{49197DD0-9BF6-4B3E-B579-642AD58DCEAA}.Release|x86.ActiveCfg = Release|Any CPU
		{49197DD0-9BF6-4B3E-B579-642AD58DCEAA}.Release|x86.Build.0 = Release|Any CPU
		{932C38A4-4BA1-4B7A-95A8-A74429F5B986}.Debug|Any CPU.ActiveCfg = Debug|Any CPU
		{932C38A4-4BA1-4B7A-95A8-A74429F5B986}.Debug|Any CPU.Build.0 = Debug|Any CPU
		{932C38A4-4BA1-4B7A-95A8-A74429F5B986}.Debug|x64.ActiveCfg = Debug|Any CPU
		{932C38A4-4BA1-4B7A-95A8-A74429F5B986}.Debug|x64.Build.0 = Debug|Any CPU
		{932C38A4-4BA1-4B7A-95A8-A74429F5B986}.Debug|x86.ActiveCfg = Debug|Any CPU
		{932C38A4-4BA1-4B7A-95A8-A74429F5B986}.Debug|x86.Build.0 = Debug|Any CPU
		{932C38A4-4BA1-4B7A-95A8-A74429F5B986}.Release|Any CPU.ActiveCfg = Release|Any CPU
		{932C38A4-4BA1-4B7A-95A8-A74429F5B986}.Release|Any CPU.Build.0 = Release|Any CPU
		{932C38A4-4BA1-4B7A-95A8-A74429F5B986}.Release|x64.ActiveCfg = Release|Any CPU
		{932C38A4-4BA1-4B7A-95A8-A74429F5B986}.Release|x64.Build.0 = Release|Any CPU
		{932C38A4-4BA1-4B7A-95A8-A74429F5B986}.Release|x86.ActiveCfg = Release|Any CPU
		{932C38A4-4BA1-4B7A-95A8-A74429F5B986}.Release|x86.Build.0 = Release|Any CPU
		{159F8904-A933-43F5-BD14-DC945B05772D}.Debug|Any CPU.ActiveCfg = Debug|Any CPU
		{159F8904-A933-43F5-BD14-DC945B05772D}.Debug|Any CPU.Build.0 = Debug|Any CPU
		{159F8904-A933-43F5-BD14-DC945B05772D}.Debug|x64.ActiveCfg = Debug|Any CPU
		{159F8904-A933-43F5-BD14-DC945B05772D}.Debug|x64.Build.0 = Debug|Any CPU
		{159F8904-A933-43F5-BD14-DC945B05772D}.Debug|x86.ActiveCfg = Debug|Any CPU
		{159F8904-A933-43F5-BD14-DC945B05772D}.Debug|x86.Build.0 = Debug|Any CPU
		{159F8904-A933-43F5-BD14-DC945B05772D}.Release|Any CPU.ActiveCfg = Release|Any CPU
		{159F8904-A933-43F5-BD14-DC945B05772D}.Release|Any CPU.Build.0 = Release|Any CPU
		{159F8904-A933-43F5-BD14-DC945B05772D}.Release|x64.ActiveCfg = Release|Any CPU
		{159F8904-A933-43F5-BD14-DC945B05772D}.Release|x64.Build.0 = Release|Any CPU
		{159F8904-A933-43F5-BD14-DC945B05772D}.Release|x86.ActiveCfg = Release|Any CPU
		{159F8904-A933-43F5-BD14-DC945B05772D}.Release|x86.Build.0 = Release|Any CPU
	EndGlobalSection
	GlobalSection(SolutionProperties) = preSolution
		HideSolutionNode = FALSE
	EndGlobalSection
	GlobalSection(NestedProjects) = preSolution
		{ED567EF0-F6F1-4F0E-9625-1314FEA746A7} = {827E0CD3-B72D-47B6-A68D-7590B98EB39B}
		{B47C461B-BBEF-47E9-BA48-349AF5CAB277} = {827E0CD3-B72D-47B6-A68D-7590B98EB39B}
		{64904FEB-079D-4E9B-A1BE-0A06257881F9} = {827E0CD3-B72D-47B6-A68D-7590B98EB39B}
		{E2B21ABF-ADC8-4904-B4CE-C8D87D84F62F} = {827E0CD3-B72D-47B6-A68D-7590B98EB39B}
		{9A2E4985-F110-4C7F-8D3C-DE977530A058} = {827E0CD3-B72D-47B6-A68D-7590B98EB39B}
		{EC447DCF-ABFA-6E24-52A5-D7FD48A5C558} = {827E0CD3-B72D-47B6-A68D-7590B98EB39B}
		{8829AA6C-EB8A-432B-AD00-6B7BBDE33803} = {EC447DCF-ABFA-6E24-52A5-D7FD48A5C558}
		{49197DD0-9BF6-4B3E-B579-642AD58DCEAA} = {EC447DCF-ABFA-6E24-52A5-D7FD48A5C558}
		{932C38A4-4BA1-4B7A-95A8-A74429F5B986} = {EC447DCF-ABFA-6E24-52A5-D7FD48A5C558}
		{159F8904-A933-43F5-BD14-DC945B05772D} = {EC447DCF-ABFA-6E24-52A5-D7FD48A5C558}
	EndGlobalSection
EndGlobal
